
Microsoft Visual Studio Solution File, Format Version 12.00
# Visual Studio 14
VisualStudioVersion = 14.0.24720.0
MinimumVisualStudioVersion = 10.0.40219.1
Project("{FAE04EC0-301F-11D3-BF4B-00C04F79EFBC}") = "RenameMTS", "RenameMTS\RenameMTS.csproj", "{F64E3EA6-9A64-4C6B-89DB-49A0F9F416F7}"
EndProject
Project("{54435603-DBB4-11D2-8724-00A0C9A8B90C}") = "RenameMTS Setup", "RenameMTS Setup\RenameMTS Setup.vdproj", "{EC575F7E-0FC5-4E85-A73B-083547BB1AE0}"
EndProject
Global
	GlobalSection(SolutionConfigurationPlatforms) = preSolution
		Debug|Any CPU = Debug|Any CPU
		Release|Any CPU = Release|Any CPU
	EndGlobalSection
	GlobalSection(ProjectConfigurationPlatforms) = postSolution
		{F64E3EA6-9A64-4C6B-89DB-49A0F9F416F7}.Debug|Any CPU.ActiveCfg = Debug|Any CPU
		{F64E3EA6-9A64-4C6B-89DB-49A0F9F416F7}.Debug|Any CPU.Build.0 = Debug|Any CPU
		{F64E3EA6-9A64-4C6B-89DB-49A0F9F416F7}.Release|Any CPU.ActiveCfg = Release|Any CPU
		{F64E3EA6-9A64-4C6B-89DB-49A0F9F416F7}.Release|Any CPU.Build.0 = Release|Any CPU
		{EC575F7E-0FC5-4E85-A73B-083547BB1AE0}.Debug|Any CPU.ActiveCfg = Debug
		{EC575F7E-0FC5-4E85-A73B-083547BB1AE0}.Release|Any CPU.ActiveCfg = Release
	EndGlobalSection
	GlobalSection(SolutionProperties) = preSolution
		HideSolutionNode = FALSE
	EndGlobalSection
EndGlobal
